
Microsoft Visual Studio Solution File, Format Version 12.00
# Visual Studio Version 17
VisualStudioVersion = 17.11.35327.3
MinimumVisualStudioVersion = 10.0.40219.1
Project("{FAE04EC0-301F-11D3-BF4B-00C04F79EFBC}") = "ChatBot", "ChatBot.csproj", "{9C6C935D-1923-4602-9675-FD7DE2F9F46F}"
EndProject
Global
	GlobalSection(SolutionConfigurationPlatforms) = preSolution
		Debug|Any CPU = Debug|Any CPU
		Release|Any CPU = Release|Any CPU
	EndGlobalSection
	GlobalSection(ProjectConfigurationPlatforms) = postSolution
		{9C6C935D-1923-4602-9675-FD7DE2F9F46F}.Debug|Any CPU.ActiveCfg = Debug|Any CPU
		{9C6C935D-1923-4602-9675-FD7DE2F9F46F}.Debug|Any CPU.Build.0 = Debug|Any CPU
		{9C6C935D-1923-4602-9675-FD7DE2F9F46F}.Release|Any CPU.ActiveCfg = Release|Any CPU
		{9C6C935D-1923-4602-9675-FD7DE2F9F46F}.Release|Any CPU.Build.0 = Release|Any CPU
	EndGlobalSection
	GlobalSection(SolutionProperties) = preSolution
		HideSolutionNode = FALSE
	EndGlobalSection
	GlobalSection(ExtensibilityGlobals) = postSolution
		SolutionGuid = {424BEB11-9472-4522-866B-DCD2448FA41D}
	EndGlobalSection
EndGlobal
